
Microsoft Visual Studio Solution File, Format Version 12.00
# Visual Studio Version 17
VisualStudioVersion = 17.7.34018.315
MinimumVisualStudioVersion = 10.0.40219.1
Project("{9A19103F-16F7-4668-BE54-9A1E7A4F7556}") = "TSF.DVDCentral.BL.Models", "TSF.DVDCentral.BL.Models\TSF.DVDCentral.BL.Models.csproj", "{6284AF76-20A9-4775-BFA5-A140A7486349}"
EndProject
Project("{00D1A9C2-B5F0-4AF3-8072-F6C62B433612}") = "TSF.DVDCentral.DB", "TSF.DVDCentral.DB\TSF.DVDCentral.DB.sqlproj", "{5956CD21-88A7-46C3-845E-BB9292382C92}"
EndProject
Project("{2150E333-8FDC-42A3-9474-1A3956D46DE8}") = "Solution Items", "Solution Items", "{AFC20497-0D1E-41AA-8E61-5445071FD548}"
	ProjectSection(SolutionItems) = preProject
		TextFile1.txt = TextFile1.txt
	EndProjectSection
EndProject
Project("{9A19103F-16F7-4668-BE54-9A1E7A4F7556}") = "TSF.DVDCentral.PL.Test", "TSF.DVDCentral.PL.Test\TSF.DVDCentral.PL.Test.csproj", "{0040461E-74F7-461B-9F97-63192D5EA565}"
EndProject
Project("{9A19103F-16F7-4668-BE54-9A1E7A4F7556}") = "TSF.DVDCentral.BL", "TSF.DVDCentral.BL\TSF.DVDCentral.BL.csproj", "{4CDC26CE-FC6C-4D44-BA70-BC4597A81016}"
EndProject
Project("{9A19103F-16F7-4668-BE54-9A1E7A4F7556}") = "TSF.DVDCentral.BL.Test", "TSF.DVDCentral.BL.Test\TSF.DVDCentral.BL.Test.csproj", "{CBF508A5-A498-4C4A-AE81-F11F8B7D27B4}"
EndProject
Project("{9A19103F-16F7-4668-BE54-9A1E7A4F7556}") = "TSF.DVDCentral.UI", "TSF.DVDCentral.UI\TSF.DVDCentral.UI.csproj", "{14331364-09CC-492A-90D3-075E4F90A0D6}"
EndProject
Project("{9A19103F-16F7-4668-BE54-9A1E7A4F7556}") = "TSF.DVDCentral.PL2", "TSF.DVDCentral.PL2\TSF.DVDCentral.PL2.csproj", "{B51ABFE8-3AFF-4F15-B7E4-B387B0A078D6}"
EndProject
Project("{9A19103F-16F7-4668-BE54-9A1E7A4F7556}") = "TSF.DVDCentral.MigrationHandler", "TSF.DVDCentral.MigrationHandler\TSF.DVDCentral.MigrationHandler.csproj", "{0C3416E7-898B-4513-AAFD-FA31646078C3}"
EndProject
Project("{9A19103F-16F7-4668-BE54-9A1E7A4F7556}") = "TSF.DVDCentral.WPFUI", "TSF.DVDCentral.WPFUI\TSF.DVDCentral.WPFUI.csproj", "{37BE0142-5F9C-4BFF-A62E-3B04B66B64DB}"
EndProject
Project("{9A19103F-16F7-4668-BE54-9A1E7A4F7556}") = "TSF.DVDCentral.ConsoleApp", "TSF.DVDCentral.ConsoleApp\TSF.DVDCentral.ConsoleApp.csproj", "{E7E745F3-4B09-455F-8600-DC65F5A4B226}"
EndProject
Project("{9A19103F-16F7-4668-BE54-9A1E7A4F7556}") = "TSF.DVDCentral.API", "TSF.DVDCentral.API\TSF.DVDCentral.API.csproj", "{EE667211-6A00-4625-B0BF-62B39B90185F}"
EndProject
Project("{9A19103F-16F7-4668-BE54-9A1E7A4F7556}") = "TSF.DVDCentral.API.Test", "TSF.DVDCentral.API.Test\TSF.DVDCentral.API.Test.csproj", "{1E77B500-665B-42CB-9E48-15D92900451E}"
EndProject
Global
	GlobalSection(SolutionConfigurationPlatforms) = preSolution
		Debug|Any CPU = Debug|Any CPU
		Release|Any CPU = Release|Any CPU
	EndGlobalSection
	GlobalSection(ProjectConfigurationPlatforms) = postSolution
		{6284AF76-20A9-4775-BFA5-A140A7486349}.Debug|Any CPU.ActiveCfg = Debug|Any CPU
		{6284AF76-20A9-4775-BFA5-A140A7486349}.Debug|Any CPU.Build.0 = Debug|Any CPU
		{6284AF76-20A9-4775-BFA5-A140A7486349}.Release|Any CPU.ActiveCfg = Release|Any CPU
		{6284AF76-20A9-4775-BFA5-A140A7486349}.Release|Any CPU.Build.0 = Release|Any CPU
		{5956CD21-88A7-46C3-845E-BB9292382C92}.Debug|Any CPU.ActiveCfg = Debug|Any CPU
		{5956CD21-88A7-46C3-845E-BB9292382C92}.Debug|Any CPU.Build.0 = Debug|Any CPU
		{5956CD21-88A7-46C3-845E-BB9292382C92}.Debug|Any CPU.Deploy.0 = Debug|Any CPU
		{5956CD21-88A7-46C3-845E-BB9292382C92}.Release|Any CPU.ActiveCfg = Release|Any CPU
		{5956CD21-88A7-46C3-845E-BB9292382C92}.Release|Any CPU.Build.0 = Release|Any CPU
		{5956CD21-88A7-46C3-845E-BB9292382C92}.Release|Any CPU.Deploy.0 = Release|Any CPU
		{0040461E-74F7-461B-9F97-63192D5EA565}.Debug|Any CPU.ActiveCfg = Debug|Any CPU
		{0040461E-74F7-461B-9F97-63192D5EA565}.Debug|Any CPU.Build.0 = Debug|Any CPU
		{0040461E-74F7-461B-9F97-63192D5EA565}.Release|Any CPU.ActiveCfg = Release|Any CPU
		{0040461E-74F7-461B-9F97-63192D5EA565}.Release|Any CPU.Build.0 = Release|Any CPU
		{4CDC26CE-FC6C-4D44-BA70-BC4597A81016}.Debug|Any CPU.ActiveCfg = Debug|Any CPU
		{4CDC26CE-FC6C-4D44-BA70-BC4597A81016}.Debug|Any CPU.Build.0 = Debug|Any CPU
		{4CDC26CE-FC6C-4D44-BA70-BC4597A81016}.Release|Any CPU.ActiveCfg = Release|Any CPU
		{4CDC26CE-FC6C-4D44-BA70-BC4597A81016}.Release|Any CPU.Build.0 = Release|Any CPU
		{CBF508A5-A498-4C4A-AE81-F11F8B7D27B4}.Debug|Any CPU.ActiveCfg = Debug|Any CPU
		{CBF508A5-A498-4C4A-AE81-F11F8B7D27B4}.Debug|Any CPU.Build.0 = Debug|Any CPU
		{CBF508A5-A498-4C4A-AE81-F11F8B7D27B4}.Release|Any CPU.ActiveCfg = Release|Any CPU
		{CBF508A5-A498-4C4A-AE81-F11F8B7D27B4}.Release|Any CPU.Build.0 = Release|Any CPU
		{14331364-09CC-492A-90D3-075E4F90A0D6}.Debug|Any CPU.ActiveCfg = Debug|Any CPU
		{14331364-09CC-492A-90D3-075E4F90A0D6}.Release|Any CPU.ActiveCfg = Release|Any CPU
		{14331364-09CC-492A-90D3-075E4F90A0D6}.Release|Any CPU.Build.0 = Release|Any CPU
		{B51ABFE8-3AFF-4F15-B7E4-B387B0A078D6}.Debug|Any CPU.ActiveCfg = Debug|Any CPU
		{B51ABFE8-3AFF-4F15-B7E4-B387B0A078D6}.Debug|Any CPU.Build.0 = Debug|Any CPU
		{B51ABFE8-3AFF-4F15-B7E4-B387B0A078D6}.Release|Any CPU.ActiveCfg = Release|Any CPU
		{B51ABFE8-3AFF-4F15-B7E4-B387B0A078D6}.Release|Any CPU.Build.0 = Release|Any CPU
		{0C3416E7-898B-4513-AAFD-FA31646078C3}.Debug|Any CPU.ActiveCfg = Debug|Any CPU
		{0C3416E7-898B-4513-AAFD-FA31646078C3}.Debug|Any CPU.Build.0 = Debug|Any CPU
		{0C3416E7-898B-4513-AAFD-FA31646078C3}.Release|Any CPU.ActiveCfg = Release|Any CPU
		{0C3416E7-898B-4513-AAFD-FA31646078C3}.Release|Any CPU.Build.0 = Release|Any CPU
		{37BE0142-5F9C-4BFF-A62E-3B04B66B64DB}.Debug|Any CPU.ActiveCfg = Debug|Any CPU
		{37BE0142-5F9C-4BFF-A62E-3B04B66B64DB}.Debug|Any CPU.Build.0 = Debug|Any CPU
		{37BE0142-5F9C-4BFF-A62E-3B04B66B64DB}.Release|Any CPU.ActiveCfg = Release|Any CPU
		{37BE0142-5F9C-4BFF-A62E-3B04B66B64DB}.Release|Any CPU.Build.0 = Release|Any CPU
		{E7E745F3-4B09-455F-8600-DC65F5A4B226}.Debug|Any CPU.ActiveCfg = Debug|Any CPU
		{E7E745F3-4B09-455F-8600-DC65F5A4B226}.Debug|Any CPU.Build.0 = Debug|Any CPU
		{E7E745F3-4B09-455F-8600-DC65F5A4B226}.Release|Any CPU.ActiveCfg = Release|Any CPU
		{E7E745F3-4B09-455F-8600-DC65F5A4B226}.Release|Any CPU.Build.0 = Release|Any CPU
		{EE667211-6A00-4625-B0BF-62B39B90185F}.Debug|Any CPU.ActiveCfg = Debug|Any CPU
		{EE667211-6A00-4625-B0BF-62B39B90185F}.Debug|Any CPU.Build.0 = Debug|Any CPU
		{EE667211-6A00-4625-B0BF-62B39B90185F}.Release|Any CPU.ActiveCfg = Release|Any CPU
		{EE667211-6A00-4625-B0BF-62B39B90185F}.Release|Any CPU.Build.0 = Release|Any CPU
		{1E77B500-665B-42CB-9E48-15D92900451E}.Debug|Any CPU.ActiveCfg = Debug|Any CPU
		{1E77B500-665B-42CB-9E48-15D92900451E}.Debug|Any CPU.Build.0 = Debug|Any CPU
		{1E77B500-665B-42CB-9E48-15D92900451E}.Release|Any CPU.ActiveCfg = Release|Any CPU
		{1E77B500-665B-42CB-9E48-15D92900451E}.Release|Any CPU.Build.0 = Release|Any CPU
	EndGlobalSection
	GlobalSection(SolutionProperties) = preSolution
		HideSolutionNode = FALSE
	EndGlobalSection
	GlobalSection(ExtensibilityGlobals) = postSolution
		SolutionGuid = {DEA0D954-0CC1-4DFB-AA6B-DACD79F56A02}
	EndGlobalSection
EndGlobal
