
Microsoft Visual Studio Solution File, Format Version 12.00
# Visual Studio Version 17
VisualStudioVersion = 17.7.34018.315
MinimumVisualStudioVersion = 10.0.40219.1
Project("{FAE04EC0-301F-11D3-BF4B-00C04F79EFBC}") = "TSF.DVDCentral.BL.Models", "TSF.DVDCentral.BL.Models\TSF.DVDCentral.BL.Models.csproj", "{6284AF76-20A9-4775-BFA5-A140A7486349}"
EndProject
Project("{00D1A9C2-B5F0-4AF3-8072-F6C62B433612}") = "TSF.DVDCentral.DB", "TSF.DVDCentral.DB\TSF.DVDCentral.DB.sqlproj", "{5956CD21-88A7-46C3-845E-BB9292382C92}"
EndProject
Global
	GlobalSection(SolutionConfigurationPlatforms) = preSolution
		Debug|Any CPU = Debug|Any CPU
		Release|Any CPU = Release|Any CPU
	EndGlobalSection
	GlobalSection(ProjectConfigurationPlatforms) = postSolution
		{6284AF76-20A9-4775-BFA5-A140A7486349}.Debug|Any CPU.ActiveCfg = Debug|Any CPU
		{6284AF76-20A9-4775-BFA5-A140A7486349}.Debug|Any CPU.Build.0 = Debug|Any CPU
		{6284AF76-20A9-4775-BFA5-A140A7486349}.Release|Any CPU.ActiveCfg = Release|Any CPU
		{6284AF76-20A9-4775-BFA5-A140A7486349}.Release|Any CPU.Build.0 = Release|Any CPU
		{5956CD21-88A7-46C3-845E-BB9292382C92}.Debug|Any CPU.ActiveCfg = Debug|Any CPU
		{5956CD21-88A7-46C3-845E-BB9292382C92}.Debug|Any CPU.Build.0 = Debug|Any CPU
		{5956CD21-88A7-46C3-845E-BB9292382C92}.Debug|Any CPU.Deploy.0 = Debug|Any CPU
		{5956CD21-88A7-46C3-845E-BB9292382C92}.Release|Any CPU.ActiveCfg = Release|Any CPU
		{5956CD21-88A7-46C3-845E-BB9292382C92}.Release|Any CPU.Build.0 = Release|Any CPU
		{5956CD21-88A7-46C3-845E-BB9292382C92}.Release|Any CPU.Deploy.0 = Release|Any CPU
	EndGlobalSection
	GlobalSection(SolutionProperties) = preSolution
		HideSolutionNode = FALSE
	EndGlobalSection
	GlobalSection(ExtensibilityGlobals) = postSolution
		SolutionGuid = {DEA0D954-0CC1-4DFB-AA6B-DACD79F56A02}
	EndGlobalSection
EndGlobal
